// !$*UTF8*$!
{
	archiveVersion = 1;
	classes = {
	};
	objectVersion = 46;
	objects = {

/* Begin PBXBuildFile section */
		8B1A39AB165348CFB623AC46 /* Pods_MyDresserUITests.framework in Frameworks */ = {isa = PBXBuildFile; fileRef = 7E1AEB6789BBEBBDD58FAFC5 /* Pods_MyDresserUITests.framework */; };
		C309DD261F60210900936864 /* AppDelegate.swift in Sources */ = {isa = PBXBuildFile; fileRef = C309DD251F60210900936864 /* AppDelegate.swift */; };
		C309DD2B1F60210900936864 /* Main.storyboard in Resources */ = {isa = PBXBuildFile; fileRef = C309DD291F60210900936864 /* Main.storyboard */; };
		C309DD2E1F60210900936864 /* MyDresser.xcdatamodeld in Sources */ = {isa = PBXBuildFile; fileRef = C309DD2C1F60210900936864 /* MyDresser.xcdatamodeld */; };
		C309DD301F60210900936864 /* Assets.xcassets in Resources */ = {isa = PBXBuildFile; fileRef = C309DD2F1F60210900936864 /* Assets.xcassets */; };
		C309DD331F60210900936864 /* LaunchScreen.storyboard in Resources */ = {isa = PBXBuildFile; fileRef = C309DD311F60210900936864 /* LaunchScreen.storyboard */; };
		C309DD3E1F60210900936864 /* MyDresserTests.swift in Sources */ = {isa = PBXBuildFile; fileRef = C309DD3D1F60210900936864 /* MyDresserTests.swift */; };
		C309DD491F60210900936864 /* MyDresserUITests.swift in Sources */ = {isa = PBXBuildFile; fileRef = C309DD481F60210900936864 /* MyDresserUITests.swift */; };
		C3417D351F6A49AA00722305 /* FirebaseReference.swift in Sources */ = {isa = PBXBuildFile; fileRef = C3417D341F6A49AA00722305 /* FirebaseReference.swift */; };
		C3417D371F6A694800722305 /* InitialViewController.swift in Sources */ = {isa = PBXBuildFile; fileRef = C3417D361F6A694800722305 /* InitialViewController.swift */; };
		C34CA1681F6542F400150238 /* GoogleService-Info.plist in Resources */ = {isa = PBXBuildFile; fileRef = C34CA1671F6542F400150238 /* GoogleService-Info.plist */; };
		C35232131F6A9EE300DC8491 /* Authentication.swift in Sources */ = {isa = PBXBuildFile; fileRef = C35232121F6A9EE300DC8491 /* Authentication.swift */; };
		C35274D51F69695000011215 /* AttireOfTheDayViewController.swift in Sources */ = {isa = PBXBuildFile; fileRef = C35274CC1F69695000011215 /* AttireOfTheDayViewController.swift */; };
		C35274D61F69695000011215 /* CategoryViewController.swift in Sources */ = {isa = PBXBuildFile; fileRef = C35274CD1F69695000011215 /* CategoryViewController.swift */; };
		C35274D71F69695000011215 /* ChooseOrSuggestTableViewController.swift in Sources */ = {isa = PBXBuildFile; fileRef = C35274CE1F69695000011215 /* ChooseOrSuggestTableViewController.swift */; };
		C35274D81F69695000011215 /* LoginViewController.swift in Sources */ = {isa = PBXBuildFile; fileRef = C35274CF1F69695000011215 /* LoginViewController.swift */; };
		C35274D91F69695000011215 /* NewDressViewController.swift in Sources */ = {isa = PBXBuildFile; fileRef = C35274D01F69695000011215 /* NewDressViewController.swift */; };
		C35274DA1F69695000011215 /* PreviousOrNewTableViewController.swift in Sources */ = {isa = PBXBuildFile; fileRef = C35274D11F69695000011215 /* PreviousOrNewTableViewController.swift */; };
		C35274DB1F69695000011215 /* PreviousTableViewController.swift in Sources */ = {isa = PBXBuildFile; fileRef = C35274D21F69695000011215 /* PreviousTableViewController.swift */; };
		C35274DC1F69695000011215 /* SignupViewController.swift in Sources */ = {isa = PBXBuildFile; fileRef = C35274D31F69695000011215 /* SignupViewController.swift */; };
		C35274DD1F69695000011215 /* SuggestViewController.swift in Sources */ = {isa = PBXBuildFile; fileRef = C35274D41F69695000011215 /* SuggestViewController.swift */; };
		C35274E21F6969F000011215 /* DressCategory.swift in Sources */ = {isa = PBXBuildFile; fileRef = C35274E01F6969F000011215 /* DressCategory.swift */; };
		C35274E71F696A7200011215 /* ChooseOrSuggestTableViewCell.swift in Sources */ = {isa = PBXBuildFile; fileRef = C35274E41F696A7200011215 /* ChooseOrSuggestTableViewCell.swift */; };
		C35274E81F696A7200011215 /* PreviousOrNewTableViewCell.swift in Sources */ = {isa = PBXBuildFile; fileRef = C35274E51F696A7200011215 /* PreviousOrNewTableViewCell.swift */; };
		C35274E91F696A7200011215 /* PreviousTableViewCell.swift in Sources */ = {isa = PBXBuildFile; fileRef = C35274E61F696A7200011215 /* PreviousTableViewCell.swift */; };
		C38419241F697F61008A8C5B /* Utilities.swift in Sources */ = {isa = PBXBuildFile; fileRef = C38419231F697F61008A8C5B /* Utilities.swift */; };
		CAED55853D2541D0B7A225DD /* Pods_MyDresser.framework in Frameworks */ = {isa = PBXBuildFile; fileRef = 97F9BB7EFC5158496D9DA997 /* Pods_MyDresser.framework */; };
		F64342DC2CECC43227B52E9A /* Pods_MyDresserTests.framework in Frameworks */ = {isa = PBXBuildFile; fileRef = CBB2118E6D709F75683F0EEF /* Pods_MyDresserTests.framework */; };
/* End PBXBuildFile section */

/* Begin PBXContainerItemProxy section */
		C309DD3A1F60210900936864 /* PBXContainerItemProxy */ = {
			isa = PBXContainerItemProxy;
			containerPortal = C309DD1A1F60210900936864 /* Project object */;
			proxyType = 1;
			remoteGlobalIDString = C309DD211F60210900936864;
			remoteInfo = MyDresser;
		};
		C309DD451F60210900936864 /* PBXContainerItemProxy */ = {
			isa = PBXContainerItemProxy;
			containerPortal = C309DD1A1F60210900936864 /* Project object */;
			proxyType = 1;
			remoteGlobalIDString = C309DD211F60210900936864;
			remoteInfo = MyDresser;
		};
/* End PBXContainerItemProxy section */

/* Begin PBXFileReference section */
		26A002681FE9AEE7D2DE7ABC /* Pods-MyDresserTests.release.xcconfig */ = {isa = PBXFileReference; includeInIndex = 1; lastKnownFileType = text.xcconfig; name = "Pods-MyDresserTests.release.xcconfig"; path = "Pods/Target Support Files/Pods-MyDresserTests/Pods-MyDresserTests.release.xcconfig"; sourceTree = "<group>"; };
		7DAD68EC26472172EAC50C24 /* Pods-MyDresserUITests.release.xcconfig */ = {isa = PBXFileReference; includeInIndex = 1; lastKnownFileType = text.xcconfig; name = "Pods-MyDresserUITests.release.xcconfig"; path = "Pods/Target Support Files/Pods-MyDresserUITests/Pods-MyDresserUITests.release.xcconfig"; sourceTree = "<group>"; };
		7E1AEB6789BBEBBDD58FAFC5 /* Pods_MyDresserUITests.framework */ = {isa = PBXFileReference; explicitFileType = wrapper.framework; includeInIndex = 0; path = Pods_MyDresserUITests.framework; sourceTree = BUILT_PRODUCTS_DIR; };
		7F5F59CCB43B1C2535B4928E /* Pods-MyDresser.release.xcconfig */ = {isa = PBXFileReference; includeInIndex = 1; lastKnownFileType = text.xcconfig; name = "Pods-MyDresser.release.xcconfig"; path = "Pods/Target Support Files/Pods-MyDresser/Pods-MyDresser.release.xcconfig"; sourceTree = "<group>"; };
		97B5414066E299FAA4FA27A3 /* Pods-MyDresser.debug.xcconfig */ = {isa = PBXFileReference; includeInIndex = 1; lastKnownFileType = text.xcconfig; name = "Pods-MyDresser.debug.xcconfig"; path = "Pods/Target Support Files/Pods-MyDresser/Pods-MyDresser.debug.xcconfig"; sourceTree = "<group>"; };
		97F9BB7EFC5158496D9DA997 /* Pods_MyDresser.framework */ = {isa = PBXFileReference; explicitFileType = wrapper.framework; includeInIndex = 0; path = Pods_MyDresser.framework; sourceTree = BUILT_PRODUCTS_DIR; };
		ADCBCC20D4A3C38DBFA0BCF5 /* Pods-MyDresserUITests.debug.xcconfig */ = {isa = PBXFileReference; includeInIndex = 1; lastKnownFileType = text.xcconfig; name = "Pods-MyDresserUITests.debug.xcconfig"; path = "Pods/Target Support Files/Pods-MyDresserUITests/Pods-MyDresserUITests.debug.xcconfig"; sourceTree = "<group>"; };
		B21DDE107AA08B8A9D85291E /* Pods-MyDresserTests.debug.xcconfig */ = {isa = PBXFileReference; includeInIndex = 1; lastKnownFileType = text.xcconfig; name = "Pods-MyDresserTests.debug.xcconfig"; path = "Pods/Target Support Files/Pods-MyDresserTests/Pods-MyDresserTests.debug.xcconfig"; sourceTree = "<group>"; };
		C309DD221F60210900936864 /* MyDresser.app */ = {isa = PBXFileReference; explicitFileType = wrapper.application; includeInIndex = 0; path = MyDresser.app; sourceTree = BUILT_PRODUCTS_DIR; };
		C309DD251F60210900936864 /* AppDelegate.swift */ = {isa = PBXFileReference; lastKnownFileType = sourcecode.swift; path = AppDelegate.swift; sourceTree = "<group>"; };
		C309DD2A1F60210900936864 /* Base */ = {isa = PBXFileReference; lastKnownFileType = file.storyboard; name = Base; path = Base.lproj/Main.storyboard; sourceTree = "<group>"; };
		C309DD2D1F60210900936864 /* MyDresser.xcdatamodel */ = {isa = PBXFileReference; lastKnownFileType = wrapper.xcdatamodel; path = MyDresser.xcdatamodel; sourceTree = "<group>"; };
		C309DD2F1F60210900936864 /* Assets.xcassets */ = {isa = PBXFileReference; lastKnownFileType = folder.assetcatalog; path = Assets.xcassets; sourceTree = "<group>"; };
		C309DD321F60210900936864 /* Base */ = {isa = PBXFileReference; lastKnownFileType = file.storyboard; name = Base; path = Base.lproj/LaunchScreen.storyboard; sourceTree = "<group>"; };
		C309DD341F60210900936864 /* Info.plist */ = {isa = PBXFileReference; lastKnownFileType = text.plist.xml; path = Info.plist; sourceTree = "<group>"; };
		C309DD391F60210900936864 /* MyDresserTests.xctest */ = {isa = PBXFileReference; explicitFileType = wrapper.cfbundle; includeInIndex = 0; path = MyDresserTests.xctest; sourceTree = BUILT_PRODUCTS_DIR; };
		C309DD3D1F60210900936864 /* MyDresserTests.swift */ = {isa = PBXFileReference; lastKnownFileType = sourcecode.swift; path = MyDresserTests.swift; sourceTree = "<group>"; };
		C309DD3F1F60210900936864 /* Info.plist */ = {isa = PBXFileReference; lastKnownFileType = text.plist.xml; path = Info.plist; sourceTree = "<group>"; };
		C309DD441F60210900936864 /* MyDresserUITests.xctest */ = {isa = PBXFileReference; explicitFileType = wrapper.cfbundle; includeInIndex = 0; path = MyDresserUITests.xctest; sourceTree = BUILT_PRODUCTS_DIR; };
		C309DD481F60210900936864 /* MyDresserUITests.swift */ = {isa = PBXFileReference; lastKnownFileType = sourcecode.swift; path = MyDresserUITests.swift; sourceTree = "<group>"; };
		C309DD4A1F60210900936864 /* Info.plist */ = {isa = PBXFileReference; lastKnownFileType = text.plist.xml; path = Info.plist; sourceTree = "<group>"; };
		C3417D341F6A49AA00722305 /* FirebaseReference.swift */ = {isa = PBXFileReference; fileEncoding = 4; lastKnownFileType = sourcecode.swift; path = FirebaseReference.swift; sourceTree = "<group>"; };
		C3417D361F6A694800722305 /* InitialViewController.swift */ = {isa = PBXFileReference; fileEncoding = 4; lastKnownFileType = sourcecode.swift; path = InitialViewController.swift; sourceTree = "<group>"; };
		C34CA1671F6542F400150238 /* GoogleService-Info.plist */ = {isa = PBXFileReference; fileEncoding = 4; lastKnownFileType = text.plist.xml; path = "GoogleService-Info.plist"; sourceTree = "<group>"; };
		C35232121F6A9EE300DC8491 /* Authentication.swift */ = {isa = PBXFileReference; fileEncoding = 4; lastKnownFileType = sourcecode.swift; path = Authentication.swift; sourceTree = "<group>"; };
		C35274CC1F69695000011215 /* AttireOfTheDayViewController.swift */ = {isa = PBXFileReference; fileEncoding = 4; lastKnownFileType = sourcecode.swift; path = AttireOfTheDayViewController.swift; sourceTree = "<group>"; };
		C35274CD1F69695000011215 /* CategoryViewController.swift */ = {isa = PBXFileReference; fileEncoding = 4; lastKnownFileType = sourcecode.swift; path = CategoryViewController.swift; sourceTree = "<group>"; };
		C35274CE1F69695000011215 /* ChooseOrSuggestTableViewController.swift */ = {isa = PBXFileReference; fileEncoding = 4; lastKnownFileType = sourcecode.swift; path = ChooseOrSuggestTableViewController.swift; sourceTree = "<group>"; };
		C35274CF1F69695000011215 /* LoginViewController.swift */ = {isa = PBXFileReference; fileEncoding = 4; lastKnownFileType = sourcecode.swift; path = LoginViewController.swift; sourceTree = "<group>"; };
		C35274D01F69695000011215 /* NewDressViewController.swift */ = {isa = PBXFileReference; fileEncoding = 4; lastKnownFileType = sourcecode.swift; path = NewDressViewController.swift; sourceTree = "<group>"; };
		C35274D11F69695000011215 /* PreviousOrNewTableViewController.swift */ = {isa = PBXFileReference; fileEncoding = 4; lastKnownFileType = sourcecode.swift; path = PreviousOrNewTableViewController.swift; sourceTree = "<group>"; };
		C35274D21F69695000011215 /* PreviousTableViewController.swift */ = {isa = PBXFileReference; fileEncoding = 4; lastKnownFileType = sourcecode.swift; path = PreviousTableViewController.swift; sourceTree = "<group>"; };
		C35274D31F69695000011215 /* SignupViewController.swift */ = {isa = PBXFileReference; fileEncoding = 4; lastKnownFileType = sourcecode.swift; path = SignupViewController.swift; sourceTree = "<group>"; };
		C35274D41F69695000011215 /* SuggestViewController.swift */ = {isa = PBXFileReference; fileEncoding = 4; lastKnownFileType = sourcecode.swift; path = SuggestViewController.swift; sourceTree = "<group>"; };
		C35274E01F6969F000011215 /* DressCategory.swift */ = {isa = PBXFileReference; fileEncoding = 4; lastKnownFileType = sourcecode.swift; path = DressCategory.swift; sourceTree = "<group>"; };
		C35274E41F696A7200011215 /* ChooseOrSuggestTableViewCell.swift */ = {isa = PBXFileReference; fileEncoding = 4; lastKnownFileType = sourcecode.swift; path = ChooseOrSuggestTableViewCell.swift; sourceTree = "<group>"; };
		C35274E51F696A7200011215 /* PreviousOrNewTableViewCell.swift */ = {isa = PBXFileReference; fileEncoding = 4; lastKnownFileType = sourcecode.swift; path = PreviousOrNewTableViewCell.swift; sourceTree = "<group>"; };
		C35274E61F696A7200011215 /* PreviousTableViewCell.swift */ = {isa = PBXFileReference; fileEncoding = 4; lastKnownFileType = sourcecode.swift; path = PreviousTableViewCell.swift; sourceTree = "<group>"; };
		C38419231F697F61008A8C5B /* Utilities.swift */ = {isa = PBXFileReference; fileEncoding = 4; lastKnownFileType = sourcecode.swift; path = Utilities.swift; sourceTree = "<group>"; };
		CBB2118E6D709F75683F0EEF /* Pods_MyDresserTests.framework */ = {isa = PBXFileReference; explicitFileType = wrapper.framework; includeInIndex = 0; path = Pods_MyDresserTests.framework; sourceTree = BUILT_PRODUCTS_DIR; };
/* End PBXFileReference section */

/* Begin PBXFrameworksBuildPhase section */
		C309DD1F1F60210900936864 /* Frameworks */ = {
			isa = PBXFrameworksBuildPhase;
			buildActionMask = 2147483647;
			files = (
				CAED55853D2541D0B7A225DD /* Pods_MyDresser.framework in Frameworks */,
			);
			runOnlyForDeploymentPostprocessing = 0;
		};
		C309DD361F60210900936864 /* Frameworks */ = {
			isa = PBXFrameworksBuildPhase;
			buildActionMask = 2147483647;
			files = (
				F64342DC2CECC43227B52E9A /* Pods_MyDresserTests.framework in Frameworks */,
			);
			runOnlyForDeploymentPostprocessing = 0;
		};
		C309DD411F60210900936864 /* Frameworks */ = {
			isa = PBXFrameworksBuildPhase;
			buildActionMask = 2147483647;
			files = (
				8B1A39AB165348CFB623AC46 /* Pods_MyDresserUITests.framework in Frameworks */,
			);
			runOnlyForDeploymentPostprocessing = 0;
		};
/* End PBXFrameworksBuildPhase section */

/* Begin PBXGroup section */
		09E646405ED777CD13ED00B8 /* Frameworks */ = {
			isa = PBXGroup;
			children = (
				97F9BB7EFC5158496D9DA997 /* Pods_MyDresser.framework */,
				CBB2118E6D709F75683F0EEF /* Pods_MyDresserTests.framework */,
				7E1AEB6789BBEBBDD58FAFC5 /* Pods_MyDresserUITests.framework */,
			);
			name = Frameworks;
			sourceTree = "<group>";
		};
		C309DD191F60210900936864 = {
			isa = PBXGroup;
			children = (
				C309DD241F60210900936864 /* MyDresser */,
				C309DD3C1F60210900936864 /* MyDresserTests */,
				C309DD471F60210900936864 /* MyDresserUITests */,
				C309DD231F60210900936864 /* Products */,
				FD1A3184D033434D27818497 /* Pods */,
				09E646405ED777CD13ED00B8 /* Frameworks */,
			);
			sourceTree = "<group>";
		};
		C309DD231F60210900936864 /* Products */ = {
			isa = PBXGroup;
			children = (
				C309DD221F60210900936864 /* MyDresser.app */,
				C309DD391F60210900936864 /* MyDresserTests.xctest */,
				C309DD441F60210900936864 /* MyDresserUITests.xctest */,
			);
			name = Products;
			sourceTree = "<group>";
		};
		C309DD241F60210900936864 /* MyDresser */ = {
			isa = PBXGroup;
			children = (
				C35274E31F696A7200011215 /* View */,
				C309DD251F60210900936864 /* AppDelegate.swift */,
				C35274DE1F6969F000011215 /* Model */,
				C35274CB1F69695000011215 /* ViewControllers */,
				C309DD291F60210900936864 /* Main.storyboard */,
				C309DD2F1F60210900936864 /* Assets.xcassets */,
				C309DD311F60210900936864 /* LaunchScreen.storyboard */,
				C309DD341F60210900936864 /* Info.plist */,
				C309DD2C1F60210900936864 /* MyDresser.xcdatamodeld */,
				C34CA1671F6542F400150238 /* GoogleService-Info.plist */,
			);
			path = MyDresser;
			sourceTree = "<group>";
		};
		C309DD3C1F60210900936864 /* MyDresserTests */ = {
			isa = PBXGroup;
			children = (
				C309DD3D1F60210900936864 /* MyDresserTests.swift */,
				C309DD3F1F60210900936864 /* Info.plist */,
			);
			path = MyDresserTests;
			sourceTree = "<group>";
		};
		C309DD471F60210900936864 /* MyDresserUITests */ = {
			isa = PBXGroup;
			children = (
				C309DD481F60210900936864 /* MyDresserUITests.swift */,
				C309DD4A1F60210900936864 /* Info.plist */,
			);
			path = MyDresserUITests;
			sourceTree = "<group>";
		};
		C35274CB1F69695000011215 /* ViewControllers */ = {
			isa = PBXGroup;
			children = (
				C3417D361F6A694800722305 /* InitialViewController.swift */,
				C35274CF1F69695000011215 /* LoginViewController.swift */,
				C35274D31F69695000011215 /* SignupViewController.swift */,
				C35274CE1F69695000011215 /* ChooseOrSuggestTableViewController.swift */,
				C35274CD1F69695000011215 /* CategoryViewController.swift */,
				C35274D41F69695000011215 /* SuggestViewController.swift */,
				C35274D11F69695000011215 /* PreviousOrNewTableViewController.swift */,
				C35274D21F69695000011215 /* PreviousTableViewController.swift */,
				C35274D01F69695000011215 /* NewDressViewController.swift */,
				C35274CC1F69695000011215 /* AttireOfTheDayViewController.swift */,
			);
			path = ViewControllers;
			sourceTree = "<group>";
		};
		C35274DE1F6969F000011215 /* Model */ = {
			isa = PBXGroup;
			children = (
				C35274E01F6969F000011215 /* DressCategory.swift */,
				C38419231F697F61008A8C5B /* Utilities.swift */,
				C3417D341F6A49AA00722305 /* FirebaseReference.swift */,
				C35232121F6A9EE300DC8491 /* Authentication.swift */,
			);
			path = Model;
			sourceTree = "<group>";
		};
		C35274E31F696A7200011215 /* View */ = {
			isa = PBXGroup;
			children = (
				C35274E41F696A7200011215 /* ChooseOrSuggestTableViewCell.swift */,
				C35274E51F696A7200011215 /* PreviousOrNewTableViewCell.swift */,
				C35274E61F696A7200011215 /* PreviousTableViewCell.swift */,
			);
			path = View;
			sourceTree = "<group>";
		};
		FD1A3184D033434D27818497 /* Pods */ = {
			isa = PBXGroup;
			children = (
				97B5414066E299FAA4FA27A3 /* Pods-MyDresser.debug.xcconfig */,
				7F5F59CCB43B1C2535B4928E /* Pods-MyDresser.release.xcconfig */,
				B21DDE107AA08B8A9D85291E /* Pods-MyDresserTests.debug.xcconfig */,
				26A002681FE9AEE7D2DE7ABC /* Pods-MyDresserTests.release.xcconfig */,
				ADCBCC20D4A3C38DBFA0BCF5 /* Pods-MyDresserUITests.debug.xcconfig */,
				7DAD68EC26472172EAC50C24 /* Pods-MyDresserUITests.release.xcconfig */,
			);
			name = Pods;
			sourceTree = "<group>";
		};
/* End PBXGroup section */

/* Begin PBXNativeTarget section */
		C309DD211F60210900936864 /* MyDresser */ = {
			isa = PBXNativeTarget;
			buildConfigurationList = C309DD4D1F60210900936864 /* Build configuration list for PBXNativeTarget "MyDresser" */;
			buildPhases = (
				3E42F1E06600BF736A7AA5EA /* [CP] Check Pods Manifest.lock */,
				C309DD1E1F60210900936864 /* Sources */,
				C309DD1F1F60210900936864 /* Frameworks */,
				C309DD201F60210900936864 /* Resources */,
				72BA1A25A4158D190F678CB0 /* [CP] Embed Pods Frameworks */,
				7F427E8A314920B85339959C /* [CP] Copy Pods Resources */,
			);
			buildRules = (
			);
			dependencies = (
			);
			name = MyDresser;
			productName = MyDresser;
			productReference = C309DD221F60210900936864 /* MyDresser.app */;
			productType = "com.apple.product-type.application";
		};
		C309DD381F60210900936864 /* MyDresserTests */ = {
			isa = PBXNativeTarget;
			buildConfigurationList = C309DD501F60210900936864 /* Build configuration list for PBXNativeTarget "MyDresserTests" */;
			buildPhases = (
				F65EE3D84C13CBCA7D77A0B9 /* [CP] Check Pods Manifest.lock */,
				C309DD351F60210900936864 /* Sources */,
				C309DD361F60210900936864 /* Frameworks */,
				C309DD371F60210900936864 /* Resources */,
				672A38372785A044069A1516 /* [CP] Embed Pods Frameworks */,
				DD969A95FDD125DB9453B180 /* [CP] Copy Pods Resources */,
			);
			buildRules = (
			);
			dependencies = (
				C309DD3B1F60210900936864 /* PBXTargetDependency */,
			);
			name = MyDresserTests;
			productName = MyDresserTests;
			productReference = C309DD391F60210900936864 /* MyDresserTests.xctest */;
			productType = "com.apple.product-type.bundle.unit-test";
		};
		C309DD431F60210900936864 /* MyDresserUITests */ = {
			isa = PBXNativeTarget;
			buildConfigurationList = C309DD531F60210900936864 /* Build configuration list for PBXNativeTarget "MyDresserUITests" */;
			buildPhases = (
				9F6BFF951F851162F4DA45DF /* [CP] Check Pods Manifest.lock */,
				C309DD401F60210900936864 /* Sources */,
				C309DD411F60210900936864 /* Frameworks */,
				C309DD421F60210900936864 /* Resources */,
				F056916BC9941D1B80155A05 /* [CP] Embed Pods Frameworks */,
				BF6EA5E3A089198A85C112C5 /* [CP] Copy Pods Resources */,
			);
			buildRules = (
			);
			dependencies = (
				C309DD461F60210900936864 /* PBXTargetDependency */,
			);
			name = MyDresserUITests;
			productName = MyDresserUITests;
			productReference = C309DD441F60210900936864 /* MyDresserUITests.xctest */;
			productType = "com.apple.product-type.bundle.ui-testing";
		};
/* End PBXNativeTarget section */

/* Begin PBXProject section */
		C309DD1A1F60210900936864 /* Project object */ = {
			isa = PBXProject;
			attributes = {
				LastSwiftUpdateCheck = 0830;
				LastUpgradeCheck = 0830;
				ORGANIZATIONNAME = "Shrinidhi K";
				TargetAttributes = {
					C309DD211F60210900936864 = {
						CreatedOnToolsVersion = 8.3.2;
						DevelopmentTeam = KG2TY33928;
						ProvisioningStyle = Automatic;
					};
					C309DD381F60210900936864 = {
						CreatedOnToolsVersion = 8.3.2;
						ProvisioningStyle = Automatic;
						TestTargetID = C309DD211F60210900936864;
					};
					C309DD431F60210900936864 = {
						CreatedOnToolsVersion = 8.3.2;
						ProvisioningStyle = Automatic;
						TestTargetID = C309DD211F60210900936864;
					};
				};
			};
			buildConfigurationList = C309DD1D1F60210900936864 /* Build configuration list for PBXProject "MyDresser" */;
			compatibilityVersion = "Xcode 3.2";
			developmentRegion = English;
			hasScannedForEncodings = 0;
			knownRegions = (
				en,
				Base,
			);
			mainGroup = C309DD191F60210900936864;
			productRefGroup = C309DD231F60210900936864 /* Products */;
			projectDirPath = "";
			projectRoot = "";
			targets = (
				C309DD211F60210900936864 /* MyDresser */,
				C309DD381F60210900936864 /* MyDresserTests */,
				C309DD431F60210900936864 /* MyDresserUITests */,
			);
		};
/* End PBXProject section */

/* Begin PBXResourcesBuildPhase section */
		C309DD201F60210900936864 /* Resources */ = {
			isa = PBXResourcesBuildPhase;
			buildActionMask = 2147483647;
			files = (
				C309DD331F60210900936864 /* LaunchScreen.storyboard in Resources */,
				C34CA1681F6542F400150238 /* GoogleService-Info.plist in Resources */,
				C309DD301F60210900936864 /* Assets.xcassets in Resources */,
				C309DD2B1F60210900936864 /* Main.storyboard in Resources */,
			);
			runOnlyForDeploymentPostprocessing = 0;
		};
		C309DD371F60210900936864 /* Resources */ = {
			isa = PBXResourcesBuildPhase;
			buildActionMask = 2147483647;
			files = (
			);
			runOnlyForDeploymentPostprocessing = 0;
		};
		C309DD421F60210900936864 /* Resources */ = {
			isa = PBXResourcesBuildPhase;
			buildActionMask = 2147483647;
			files = (
			);
			runOnlyForDeploymentPostprocessing = 0;
		};
/* End PBXResourcesBuildPhase section */

/* Begin PBXShellScriptBuildPhase section */
		3E42F1E06600BF736A7AA5EA /* [CP] Check Pods Manifest.lock */ = {
			isa = PBXShellScriptBuildPhase;
			buildActionMask = 2147483647;
			files = (
			);
			inputPaths = (
				"${PODS_PODFILE_DIR_PATH}/Podfile.lock",
				"${PODS_ROOT}/Manifest.lock",
			);
			name = "[CP] Check Pods Manifest.lock";
			outputPaths = (
				"$(DERIVED_FILE_DIR)/Pods-MyDresser-checkManifestLockResult.txt",
			);
			runOnlyForDeploymentPostprocessing = 0;
			shellPath = /bin/sh;
			shellScript = "diff \"${PODS_PODFILE_DIR_PATH}/Podfile.lock\" \"${PODS_ROOT}/Manifest.lock\" > /dev/null\nif [ $? != 0 ] ; then\n    # print error to STDERR\n    echo \"error: The sandbox is not in sync with the Podfile.lock. Run 'pod install' or update your CocoaPods installation.\" >&2\n    exit 1\nfi\n# This output is used by Xcode 'outputs' to avoid re-running this script phase.\necho \"SUCCESS\" > \"${SCRIPT_OUTPUT_FILE_0}\"\n";
			showEnvVarsInLog = 0;
		};
		672A38372785A044069A1516 /* [CP] Embed Pods Frameworks */ = {
			isa = PBXShellScriptBuildPhase;
			buildActionMask = 2147483647;
			files = (
			);
			inputPaths = (
			);
			name = "[CP] Embed Pods Frameworks";
			outputPaths = (
			);
			runOnlyForDeploymentPostprocessing = 0;
			shellPath = /bin/sh;
			shellScript = "\"${SRCROOT}/Pods/Target Support Files/Pods-MyDresserTests/Pods-MyDresserTests-frameworks.sh\"\n";
			showEnvVarsInLog = 0;
		};
		72BA1A25A4158D190F678CB0 /* [CP] Embed Pods Frameworks */ = {
			isa = PBXShellScriptBuildPhase;
			buildActionMask = 2147483647;
			files = (
			);
			inputPaths = (
				"${SRCROOT}/Pods/Target Support Files/Pods-MyDresser/Pods-MyDresser-frameworks.sh",
				"${BUILT_PRODUCTS_DIR}/GTMSessionFetcher/GTMSessionFetcher.framework",
				"${BUILT_PRODUCTS_DIR}/GoogleToolboxForMac/GoogleToolboxForMac.framework",
				"${BUILT_PRODUCTS_DIR}/leveldb-library/leveldb.framework",
				"${BUILT_PRODUCTS_DIR}/nanopb/nanopb.framework",
			);
			name = "[CP] Embed Pods Frameworks";
			outputPaths = (
				"${TARGET_BUILD_DIR}/${FRAMEWORKS_FOLDER_PATH}/GTMSessionFetcher.framework",
				"${TARGET_BUILD_DIR}/${FRAMEWORKS_FOLDER_PATH}/GoogleToolboxForMac.framework",
				"${TARGET_BUILD_DIR}/${FRAMEWORKS_FOLDER_PATH}/leveldb.framework",
				"${TARGET_BUILD_DIR}/${FRAMEWORKS_FOLDER_PATH}/nanopb.framework",
			);
			runOnlyForDeploymentPostprocessing = 0;
			shellPath = /bin/sh;
			shellScript = "\"${SRCROOT}/Pods/Target Support Files/Pods-MyDresser/Pods-MyDresser-frameworks.sh\"\n";
			showEnvVarsInLog = 0;
		};
		7F427E8A314920B85339959C /* [CP] Copy Pods Resources */ = {
			isa = PBXShellScriptBuildPhase;
			buildActionMask = 2147483647;
			files = (
			);
			inputPaths = (
			);
			name = "[CP] Copy Pods Resources";
			outputPaths = (
			);
			runOnlyForDeploymentPostprocessing = 0;
			shellPath = /bin/sh;
			shellScript = "\"${SRCROOT}/Pods/Target Support Files/Pods-MyDresser/Pods-MyDresser-resources.sh\"\n";
			showEnvVarsInLog = 0;
		};
		9F6BFF951F851162F4DA45DF /* [CP] Check Pods Manifest.lock */ = {
			isa = PBXShellScriptBuildPhase;
			buildActionMask = 2147483647;
			files = (
			);
			inputPaths = (
				"${PODS_PODFILE_DIR_PATH}/Podfile.lock",
				"${PODS_ROOT}/Manifest.lock",
			);
			name = "[CP] Check Pods Manifest.lock";
			outputPaths = (
				"$(DERIVED_FILE_DIR)/Pods-MyDresserUITests-checkManifestLockResult.txt",
			);
			runOnlyForDeploymentPostprocessing = 0;
			shellPath = /bin/sh;
			shellScript = "diff \"${PODS_PODFILE_DIR_PATH}/Podfile.lock\" \"${PODS_ROOT}/Manifest.lock\" > /dev/null\nif [ $? != 0 ] ; then\n    # print error to STDERR\n    echo \"error: The sandbox is not in sync with the Podfile.lock. Run 'pod install' or update your CocoaPods installation.\" >&2\n    exit 1\nfi\n# This output is used by Xcode 'outputs' to avoid re-running this script phase.\necho \"SUCCESS\" > \"${SCRIPT_OUTPUT_FILE_0}\"\n";
			showEnvVarsInLog = 0;
		};
		BF6EA5E3A089198A85C112C5 /* [CP] Copy Pods Resources */ = {
			isa = PBXShellScriptBuildPhase;
			buildActionMask = 2147483647;
			files = (
			);
			inputPaths = (
			);
			name = "[CP] Copy Pods Resources";
			outputPaths = (
			);
			runOnlyForDeploymentPostprocessing = 0;
			shellPath = /bin/sh;
			shellScript = "\"${SRCROOT}/Pods/Target Support Files/Pods-MyDresserUITests/Pods-MyDresserUITests-resources.sh\"\n";
			showEnvVarsInLog = 0;
		};
		DD969A95FDD125DB9453B180 /* [CP] Copy Pods Resources */ = {
			isa = PBXShellScriptBuildPhase;
			buildActionMask = 2147483647;
			files = (
			);
			inputPaths = (
			);
			name = "[CP] Copy Pods Resources";
			outputPaths = (
			);
			runOnlyForDeploymentPostprocessing = 0;
			shellPath = /bin/sh;
			shellScript = "\"${SRCROOT}/Pods/Target Support Files/Pods-MyDresserTests/Pods-MyDresserTests-resources.sh\"\n";
			showEnvVarsInLog = 0;
		};
		F056916BC9941D1B80155A05 /* [CP] Embed Pods Frameworks */ = {
			isa = PBXShellScriptBuildPhase;
			buildActionMask = 2147483647;
			files = (
			);
			inputPaths = (
			);
			name = "[CP] Embed Pods Frameworks";
			outputPaths = (
			);
			runOnlyForDeploymentPostprocessing = 0;
			shellPath = /bin/sh;
			shellScript = "\"${SRCROOT}/Pods/Target Support Files/Pods-MyDresserUITests/Pods-MyDresserUITests-frameworks.sh\"\n";
			showEnvVarsInLog = 0;
		};
		F65EE3D84C13CBCA7D77A0B9 /* [CP] Check Pods Manifest.lock */ = {
			isa = PBXShellScriptBuildPhase;
			buildActionMask = 2147483647;
			files = (
			);
			inputPaths = (
				"${PODS_PODFILE_DIR_PATH}/Podfile.lock",
				"${PODS_ROOT}/Manifest.lock",
			);
			name = "[CP] Check Pods Manifest.lock";
			outputPaths = (
				"$(DERIVED_FILE_DIR)/Pods-MyDresserTests-checkManifestLockResult.txt",
			);
			runOnlyForDeploymentPostprocessing = 0;
			shellPath = /bin/sh;
			shellScript = "diff \"${PODS_PODFILE_DIR_PATH}/Podfile.lock\" \"${PODS_ROOT}/Manifest.lock\" > /dev/null\nif [ $? != 0 ] ; then\n    # print error to STDERR\n    echo \"error: The sandbox is not in sync with the Podfile.lock. Run 'pod install' or update your CocoaPods installation.\" >&2\n    exit 1\nfi\n# This output is used by Xcode 'outputs' to avoid re-running this script phase.\necho \"SUCCESS\" > \"${SCRIPT_OUTPUT_FILE_0}\"\n";
			showEnvVarsInLog = 0;
		};
/* End PBXShellScriptBuildPhase section */

/* Begin PBXSourcesBuildPhase section */
		C309DD1E1F60210900936864 /* Sources */ = {
			isa = PBXSourcesBuildPhase;
			buildActionMask = 2147483647;
			files = (
				C35274E81F696A7200011215 /* PreviousOrNewTableViewCell.swift in Sources */,
				C35274E71F696A7200011215 /* ChooseOrSuggestTableViewCell.swift in Sources */,
				C35274DB1F69695000011215 /* PreviousTableViewController.swift in Sources */,
				C35232131F6A9EE300DC8491 /* Authentication.swift in Sources */,
				C309DD2E1F60210900936864 /* MyDresser.xcdatamodeld in Sources */,
				C35274E91F696A7200011215 /* PreviousTableViewCell.swift in Sources */,
				C35274D81F69695000011215 /* LoginViewController.swift in Sources */,
				C35274D51F69695000011215 /* AttireOfTheDayViewController.swift in Sources */,
				C35274D91F69695000011215 /* NewDressViewController.swift in Sources */,
				C35274D71F69695000011215 /* ChooseOrSuggestTableViewController.swift in Sources */,
				C3417D351F6A49AA00722305 /* FirebaseReference.swift in Sources */,
				C38419241F697F61008A8C5B /* Utilities.swift in Sources */,
				C309DD261F60210900936864 /* AppDelegate.swift in Sources */,
				C35274DD1F69695000011215 /* SuggestViewController.swift in Sources */,
				C35274DC1F69695000011215 /* SignupViewController.swift in Sources */,
				C3417D371F6A694800722305 /* InitialViewController.swift in Sources */,
				C35274E21F6969F000011215 /* DressCategory.swift in Sources */,
				C35274DA1F69695000011215 /* PreviousOrNewTableViewController.swift in Sources */,
				C35274D61F69695000011215 /* CategoryViewController.swift in Sources */,
			);
			runOnlyForDeploymentPostprocessing = 0;
		};
		C309DD351F60210900936864 /* Sources */ = {
			isa = PBXSourcesBuildPhase;
			buildActionMask = 2147483647;
			files = (
				C309DD3E1F60210900936864 /* MyDresserTests.swift in Sources */,
			);
			runOnlyForDeploymentPostprocessing = 0;
		};
		C309DD401F60210900936864 /* Sources */ = {
			isa = PBXSourcesBuildPhase;
			buildActionMask = 2147483647;
			files = (
				C309DD491F60210900936864 /* MyDresserUITests.swift in Sources */,
			);
			runOnlyForDeploymentPostprocessing = 0;
		};
/* End PBXSourcesBuildPhase section */

/* Begin PBXTargetDependency section */
		C309DD3B1F60210900936864 /* PBXTargetDependency */ = {
			isa = PBXTargetDependency;
			target = C309DD211F60210900936864 /* MyDresser */;
			targetProxy = C309DD3A1F60210900936864 /* PBXContainerItemProxy */;
		};
		C309DD461F60210900936864 /* PBXTargetDependency */ = {
			isa = PBXTargetDependency;
			target = C309DD211F60210900936864 /* MyDresser */;
			targetProxy = C309DD451F60210900936864 /* PBXContainerItemProxy */;
		};
/* End PBXTargetDependency section */

/* Begin PBXVariantGroup section */
		C309DD291F60210900936864 /* Main.storyboard */ = {
			isa = PBXVariantGroup;
			children = (
				C309DD2A1F60210900936864 /* Base */,
			);
			name = Main.storyboard;
			sourceTree = "<group>";
		};
		C309DD311F60210900936864 /* LaunchScreen.storyboard */ = {
			isa = PBXVariantGroup;
			children = (
				C309DD321F60210900936864 /* Base */,
			);
			name = LaunchScreen.storyboard;
			sourceTree = "<group>";
		};
/* End PBXVariantGroup section */

/* Begin XCBuildConfiguration section */
		C309DD4B1F60210900936864 /* Debug */ = {
			isa = XCBuildConfiguration;
			buildSettings = {
				ALWAYS_SEARCH_USER_PATHS = NO;
				CLANG_ANALYZER_NONNULL = YES;
				CLANG_ANALYZER_NUMBER_OBJECT_CONVERSION = YES_AGGRESSIVE;
				CLANG_CXX_LANGUAGE_STANDARD = "gnu++0x";
				CLANG_CXX_LIBRARY = "libc++";
				CLANG_ENABLE_MODULES = YES;
				CLANG_ENABLE_OBJC_ARC = YES;
				CLANG_WARN_BOOL_CONVERSION = YES;
				CLANG_WARN_CONSTANT_CONVERSION = YES;
				CLANG_WARN_DIRECT_OBJC_ISA_USAGE = YES_ERROR;
				CLANG_WARN_DOCUMENTATION_COMMENTS = YES;
				CLANG_WARN_EMPTY_BODY = YES;
				CLANG_WARN_ENUM_CONVERSION = YES;
				CLANG_WARN_INFINITE_RECURSION = YES;
				CLANG_WARN_INT_CONVERSION = YES;
				CLANG_WARN_OBJC_ROOT_CLASS = YES_ERROR;
				CLANG_WARN_SUSPICIOUS_MOVE = YES;
				CLANG_WARN_UNREACHABLE_CODE = YES;
				CLANG_WARN__DUPLICATE_METHOD_MATCH = YES;
				"CODE_SIGN_IDENTITY[sdk=iphoneos*]" = "iPhone Developer";
				COPY_PHASE_STRIP = NO;
				DEBUG_INFORMATION_FORMAT = dwarf;
				ENABLE_STRICT_OBJC_MSGSEND = YES;
				ENABLE_TESTABILITY = YES;
				GCC_C_LANGUAGE_STANDARD = gnu99;
				GCC_DYNAMIC_NO_PIC = NO;
				GCC_NO_COMMON_BLOCKS = YES;
				GCC_OPTIMIZATION_LEVEL = 0;
				GCC_PREPROCESSOR_DEFINITIONS = (
					"DEBUG=1",
					"$(inherited)",
				);
				GCC_WARN_64_TO_32_BIT_CONVERSION = YES;
				GCC_WARN_ABOUT_RETURN_TYPE = YES_ERROR;
				GCC_WARN_UNDECLARED_SELECTOR = YES;
				GCC_WARN_UNINITIALIZED_AUTOS = YES_AGGRESSIVE;
				GCC_WARN_UNUSED_FUNCTION = YES;
				GCC_WARN_UNUSED_VARIABLE = YES;
				IPHONEOS_DEPLOYMENT_TARGET = 10.3;
				MTL_ENABLE_DEBUG_INFO = YES;
				ONLY_ACTIVE_ARCH = YES;
				SDKROOT = iphoneos;
				SWIFT_ACTIVE_COMPILATION_CONDITIONS = DEBUG;
				SWIFT_OPTIMIZATION_LEVEL = "-Onone";
				TARGETED_DEVICE_FAMILY = "1,2";
			};
			name = Debug;
		};
		C309DD4C1F60210900936864 /* Release */ = {
			isa = XCBuildConfiguration;
			buildSettings = {
				ALWAYS_SEARCH_USER_PATHS = NO;
				CLANG_ANALYZER_NONNULL = YES;
				CLANG_ANALYZER_NUMBER_OBJECT_CONVERSION = YES_AGGRESSIVE;
				CLANG_CXX_LANGUAGE_STANDARD = "gnu++0x";
				CLANG_CXX_LIBRARY = "libc++";
				CLANG_ENABLE_MODULES = YES;
				CLANG_ENABLE_OBJC_ARC = YES;
				CLANG_WARN_BOOL_CONVERSION = YES;
				CLANG_WARN_CONSTANT_CONVERSION = YES;
				CLANG_WARN_DIRECT_OBJC_ISA_USAGE = YES_ERROR;
				CLANG_WARN_DOCUMENTATION_COMMENTS = YES;
				CLANG_WARN_EMPTY_BODY = YES;
				CLANG_WARN_ENUM_CONVERSION = YES;
				CLANG_WARN_INFINITE_RECURSION = YES;
				CLANG_WARN_INT_CONVERSION = YES;
				CLANG_WARN_OBJC_ROOT_CLASS = YES_ERROR;
				CLANG_WARN_SUSPICIOUS_MOVE = YES;
				CLANG_WARN_UNREACHABLE_CODE = YES;
				CLANG_WARN__DUPLICATE_METHOD_MATCH = YES;
				"CODE_SIGN_IDENTITY[sdk=iphoneos*]" = "iPhone Developer";
				COPY_PHASE_STRIP = NO;
				DEBUG_INFORMATION_FORMAT = "dwarf-with-dsym";
				ENABLE_NS_ASSERTIONS = NO;
				ENABLE_STRICT_OBJC_MSGSEND = YES;
				GCC_C_LANGUAGE_STANDARD = gnu99;
				GCC_NO_COMMON_BLOCKS = YES;
				GCC_WARN_64_TO_32_BIT_CONVERSION = YES;
				GCC_WARN_ABOUT_RETURN_TYPE = YES_ERROR;
				GCC_WARN_UNDECLARED_SELECTOR = YES;
				GCC_WARN_UNINITIALIZED_AUTOS = YES_AGGRESSIVE;
				GCC_WARN_UNUSED_FUNCTION = YES;
				GCC_WARN_UNUSED_VARIABLE = YES;
				IPHONEOS_DEPLOYMENT_TARGET = 10.3;
				MTL_ENABLE_DEBUG_INFO = NO;
				SDKROOT = iphoneos;
				SWIFT_OPTIMIZATION_LEVEL = "-Owholemodule";
				TARGETED_DEVICE_FAMILY = "1,2";
				VALIDATE_PRODUCT = YES;
			};
			name = Release;
		};
		C309DD4E1F60210900936864 /* Debug */ = {
			isa = XCBuildConfiguration;
			baseConfigurationReference = 97B5414066E299FAA4FA27A3 /* Pods-MyDresser.debug.xcconfig */;
			buildSettings = {
				ASSETCATALOG_COMPILER_APPICON_NAME = AppIcon;
				CODE_SIGN_IDENTITY = "iPhone Developer";
				"CODE_SIGN_IDENTITY[sdk=iphoneos*]" = "iPhone Developer";
				DEVELOPMENT_TEAM = KG2TY33928;
				INFOPLIST_FILE = MyDresser/Info.plist;
				IPHONEOS_DEPLOYMENT_TARGET = 10.0;
				LD_RUNPATH_SEARCH_PATHS = "$(inherited) @executable_path/Frameworks";
				PRODUCT_BUNDLE_IDENTIFIER = com.yml.MyDresser;
				PRODUCT_NAME = "$(TARGET_NAME)";
				PROVISIONING_PROFILE = "";
				PROVISIONING_PROFILE_SPECIFIER = "";
				SWIFT_VERSION = 3.0;
				TARGETED_DEVICE_FAMILY = 1;
			};
			name = Debug;
		};
		C309DD4F1F60210900936864 /* Release */ = {
			isa = XCBuildConfiguration;
			baseConfigurationReference = 7F5F59CCB43B1C2535B4928E /* Pods-MyDresser.release.xcconfig */;
			buildSettings = {
				ASSETCATALOG_COMPILER_APPICON_NAME = AppIcon;
				CODE_SIGN_IDENTITY = "iPhone Developer";
				"CODE_SIGN_IDENTITY[sdk=iphoneos*]" = "iPhone Developer";
				DEVELOPMENT_TEAM = KG2TY33928;
				INFOPLIST_FILE = MyDresser/Info.plist;
				IPHONEOS_DEPLOYMENT_TARGET = 10.0;
				LD_RUNPATH_SEARCH_PATHS = "$(inherited) @executable_path/Frameworks";
				PRODUCT_BUNDLE_IDENTIFIER = com.yml.MyDresser;
				PRODUCT_NAME = "$(TARGET_NAME)";
				PROVISIONING_PROFILE = "";
				PROVISIONING_PROFILE_SPECIFIER = "";
				SWIFT_VERSION = 3.0;
				TARGETED_DEVICE_FAMILY = 1;
			};
			name = Release;
		};
		C309DD511F60210900936864 /* Debug */ = {
			isa = XCBuildConfiguration;
			baseConfigurationReference = B21DDE107AA08B8A9D85291E /* Pods-MyDresserTests.debug.xcconfig */;
			buildSettings = {
				ALWAYS_EMBED_SWIFT_STANDARD_LIBRARIES = YES;
				BUNDLE_LOADER = "$(TEST_HOST)";
				INFOPLIST_FILE = MyDresserTests/Info.plist;
				LD_RUNPATH_SEARCH_PATHS = "$(inherited) @executable_path/Frameworks @loader_path/Frameworks";
				PRODUCT_BUNDLE_IDENTIFIER = yml.MyDresserTests;
				PRODUCT_NAME = "$(TARGET_NAME)";
				SWIFT_VERSION = 3.0;
				TEST_HOST = "$(BUILT_PRODUCTS_DIR)/MyDresser.app/MyDresser";
			};
			name = Debug;
		};
		C309DD521F60210900936864 /* Release */ = {
			isa = XCBuildConfiguration;
			baseConfigurationReference = 26A002681FE9AEE7D2DE7ABC /* Pods-MyDresserTests.release.xcconfig */;
			buildSettings = {
				ALWAYS_EMBED_SWIFT_STANDARD_LIBRARIES = YES;
				BUNDLE_LOADER = "$(TEST_HOST)";
				INFOPLIST_FILE = MyDresserTests/Info.plist;
				LD_RUNPATH_SEARCH_PATHS = "$(inherited) @executable_path/Frameworks @loader_path/Frameworks";
				PRODUCT_BUNDLE_IDENTIFIER = yml.MyDresserTests;
				PRODUCT_NAME = "$(TARGET_NAME)";
				SWIFT_VERSION = 3.0;
				TEST_HOST = "$(BUILT_PRODUCTS_DIR)/MyDresser.app/MyDresser";
			};
			name = Release;
		};
		C309DD541F60210900936864 /* Debug */ = {
			isa = XCBuildConfiguration;
			baseConfigurationReference = ADCBCC20D4A3C38DBFA0BCF5 /* Pods-MyDresserUITests.debug.xcconfig */;
			buildSettings = {
				ALWAYS_EMBED_SWIFT_STANDARD_LIBRARIES = YES;
				INFOPLIST_FILE = MyDresserUITests/Info.plist;
				LD_RUNPATH_SEARCH_PATHS = "$(inherited) @executable_path/Frameworks @loader_path/Frameworks";
				PRODUCT_BUNDLE_IDENTIFIER = yml.MyDresserUITests;
				PRODUCT_NAME = "$(TARGET_NAME)";
				SWIFT_VERSION = 3.0;
				TEST_TARGET_NAME = MyDresser;
			};
			name = Debug;
		};
		C309DD551F60210900936864 /* Release */ = {
			isa = XCBuildConfiguration;
			baseConfigurationReference = 7DAD68EC26472172EAC50C24 /* Pods-MyDresserUITests.release.xcconfig */;
			buildSettings = {
				ALWAYS_EMBED_SWIFT_STANDARD_LIBRARIES = YES;
				INFOPLIST_FILE = MyDresserUITests/Info.plist;
				LD_RUNPATH_SEARCH_PATHS = "$(inherited) @executable_path/Frameworks @loader_path/Frameworks";
				PRODUCT_BUNDLE_IDENTIFIER = yml.MyDresserUITests;
				PRODUCT_NAME = "$(TARGET_NAME)";
				SWIFT_VERSION = 3.0;
				TEST_TARGET_NAME = MyDresser;
			};
			name = Release;
		};
/* End XCBuildConfiguration section */

/* Begin XCConfigurationList section */
		C309DD1D1F60210900936864 /* Build configuration list for PBXProject "MyDresser" */ = {
			isa = XCConfigurationList;
			buildConfigurations = (
				C309DD4B1F60210900936864 /* Debug */,
				C309DD4C1F60210900936864 /* Release */,
			);
			defaultConfigurationIsVisible = 0;
			defaultConfigurationName = Release;
		};
		C309DD4D1F60210900936864 /* Build configuration list for PBXNativeTarget "MyDresser" */ = {
			isa = XCConfigurationList;
			buildConfigurations = (
				C309DD4E1F60210900936864 /* Debug */,
				C309DD4F1F60210900936864 /* Release */,
			);
			defaultConfigurationIsVisible = 0;
			defaultConfigurationName = Release;
		};
		C309DD501F60210900936864 /* Build configuration list for PBXNativeTarget "MyDresserTests" */ = {
			isa = XCConfigurationList;
			buildConfigurations = (
				C309DD511F60210900936864 /* Debug */,
				C309DD521F60210900936864 /* Release */,
			);
			defaultConfigurationIsVisible = 0;
			defaultConfigurationName = Release;
		};
		C309DD531F60210900936864 /* Build configuration list for PBXNativeTarget "MyDresserUITests" */ = {
			isa = XCConfigurationList;
			buildConfigurations = (
				C309DD541F60210900936864 /* Debug */,
				C309DD551F60210900936864 /* Release */,
			);
			defaultConfigurationIsVisible = 0;
			defaultConfigurationName = Release;
		};
/* End XCConfigurationList section */

/* Begin XCVersionGroup section */
		C309DD2C1F60210900936864 /* MyDresser.xcdatamodeld */ = {
			isa = XCVersionGroup;
			children = (
				C309DD2D1F60210900936864 /* MyDresser.xcdatamodel */,
			);
			currentVersion = C309DD2D1F60210900936864 /* MyDresser.xcdatamodel */;
			path = MyDresser.xcdatamodeld;
			sourceTree = "<group>";
			versionGroupType = wrapper.xcdatamodel;
		};
/* End XCVersionGroup section */
	};
	rootObject = C309DD1A1F60210900936864 /* Project object */;
}
